
Microsoft Visual Studio Solution File, Format Version 12.00
# Visual Studio 15
VisualStudioVersion = 15.0.28307.421
MinimumVisualStudioVersion = 10.0.40219.1
Project("{FAE04EC0-301F-11D3-BF4B-00C04F79EFBC}") = "search", "search\search.csproj", "{287A4B0F-2813-4146-9D32-54E0E9F7959A}"
EndProject
Global
	GlobalSection(SolutionConfigurationPlatforms) = preSolution
		Debug|Any CPU = Debug|Any CPU
		Release|Any CPU = Release|Any CPU
	EndGlobalSection
	GlobalSection(ProjectConfigurationPlatforms) = postSolution
		{287A4B0F-2813-4146-9D32-54E0E9F7959A}.Debug|Any CPU.ActiveCfg = Debug|Any CPU
		{287A4B0F-2813-4146-9D32-54E0E9F7959A}.Debug|Any CPU.Build.0 = Debug|Any CPU
		{287A4B0F-2813-4146-9D32-54E0E9F7959A}.Release|Any CPU.ActiveCfg = Release|Any CPU
		{287A4B0F-2813-4146-9D32-54E0E9F7959A}.Release|Any CPU.Build.0 = Release|Any CPU
	EndGlobalSection
	GlobalSection(SolutionProperties) = preSolution
		HideSolutionNode = FALSE
	EndGlobalSection
	GlobalSection(ExtensibilityGlobals) = postSolution
		SolutionGuid = {2B2117ED-A564-436B-B543-C01DC3856BF2}
	EndGlobalSection
EndGlobal
